
Microsoft Visual Studio Solution File, Format Version 12.00
# Visual Studio Version 17
VisualStudioVersion = 17.7.34031.279
MinimumVisualStudioVersion = 10.0.40219.1
Project("{9A19103F-16F7-4668-BE54-9A1E7A4F7556}") = "EmptyFileCreator", "EmptyFileCreator.csproj", "{43F92C55-9594-46B9-8451-333FCCAF9C71}"
EndProject
Global
	GlobalSection(SolutionConfigurationPlatforms) = preSolution
		Debug|Any CPU = Debug|Any CPU
		Release|Any CPU = Release|Any CPU
	EndGlobalSection
	GlobalSection(ProjectConfigurationPlatforms) = postSolution
		{43F92C55-9594-46B9-8451-333FCCAF9C71}.Debug|Any CPU.ActiveCfg = Debug|Any CPU
		{43F92C55-9594-46B9-8451-333FCCAF9C71}.Debug|Any CPU.Build.0 = Debug|Any CPU
		{43F92C55-9594-46B9-8451-333FCCAF9C71}.Release|Any CPU.ActiveCfg = Release|Any CPU
		{43F92C55-9594-46B9-8451-333FCCAF9C71}.Release|Any CPU.Build.0 = Release|Any CPU
	EndGlobalSection
	GlobalSection(SolutionProperties) = preSolution
		HideSolutionNode = FALSE
	EndGlobalSection
	GlobalSection(ExtensibilityGlobals) = postSolution
		SolutionGuid = {B8E4D097-F302-40FF-AD4A-F1CD6B0EFE5B}
	EndGlobalSection
EndGlobal
